# THIS IS AN AUTOGENERATED FILE. DO NOT EDIT THIS FILE DIRECTLY.
# yarn lockfile v1


"@babel/runtime@^7.23.2":
  version "7.24.8"
  resolved "https://registry.yarnpkg.com/@babel/runtime/-/runtime-7.24.8.tgz#5d958c3827b13cc6d05e038c07fb2e5e3420d82e"
  integrity sha512-5F7SDGs1T72ZczbRwbGO9lQi0NLjQxzl6i4lJxLxfW9U5UluCSyEJeniWvnhl3/euNiqQVbo8zruhsDfid0esA==
  dependencies:
    regenerator-runtime "^0.14.0"

"@danmarshall/jscad-typings@^1.0.0":
  version "1.0.0"
  resolved "https://registry.yarnpkg.com/@danmarshall/jscad-typings/-/jscad-typings-1.0.0.tgz#87dfb9c49a21cbbdfd54feb20e57544374809102"
  integrity sha512-MGGIGDItK2UQSsz7yTrXErQXDAFXR3UPxyQ7WZ5RHOwnv60CBXjmkJlXYMYPkSvo+7fUuQL2/ODcvECtc/fi9g==

"@jscad/csg@0.3.6":
  version "0.3.6"
  resolved "https://registry.yarnpkg.com/@jscad/csg/-/csg-0.3.6.tgz#4fc13667c4130b3010328d7587fe5d9328712ced"
  integrity sha512-GoUXhTwO0L+Cxba8VfFFLGm+ECd0xZKoIAPpeUYsDiCVsIZ6XK+3GLgBgn5waeumQNh+H6WsHjMMRKXBrDBreA==

"@jscad/csg@0.3.7":
  version "0.3.7"
  resolved "https://registry.yarnpkg.com/@jscad/csg/-/csg-0.3.7.tgz#47855c23a9fe2f20e971607417b807a1aedc57fc"
  integrity sha512-CuqKgXEZDH1FzbwQTdMWQ0FiEGi+LrP32tP6nW6rdWEEBjL6w19F3OrShD7SP8mK9IcqiuhgN9JcbWaiBswWlQ==

"@jscad/dxf-serializer@^0.0.4":
  version "0.0.4"
  resolved "https://registry.yarnpkg.com/@jscad/dxf-serializer/-/dxf-serializer-0.0.4.tgz#3fb3b76b61e6a987e250827c49634f00736f6ac8"
  integrity sha512-/d3192aL8WAWX7KU5MRc61y7n9ZIzPik/F+d+rCtb7uxMmhzt7j5mcno4CDwSrfeIrzK8U+8Pyrdq13QkHOaLA==

"@jscad/gcode-deserializer@^0.0.4":
  version "0.0.4"
  resolved "https://registry.yarnpkg.com/@jscad/gcode-deserializer/-/gcode-deserializer-0.0.4.tgz#a5d93ecef846bf30a596f5021d7b36ea62a13a27"
  integrity sha512-RielAllRKm2oz+lG0On0aOeB2+qI7/lbzc/kQPzcBeObnqyuJKyHMVeFHDQ18o9Zjyrkv4g2QA6FDcVTbrmr0Q==

"@jscad/io-utils@^0.1.2":
  version "0.1.3"
  resolved "https://registry.yarnpkg.com/@jscad/io-utils/-/io-utils-0.1.3.tgz#ddc4ea914606c085b64ed20919a1973b3f47ac51"
  integrity sha512-aCVUZovewI4njtEJ1fvjhasqd8EHIzQaPb88MtFWf/ff1NdGOu/vRH3yGG8vu0NZektGEDCKp028g2nTBL7aFg==

"@jscad/io@github:ergogen/oldjscadio":
  version "0.3.7"
  resolved "https://codeload.github.com/ergogen/oldjscadio/tar.gz/692cf142062208b0097b2d4852c30d6cc51eea8d"
  dependencies:
    "@jscad/dxf-serializer" "^0.0.4"
    "@jscad/gcode-deserializer" "^0.0.4"
    "@jscad/io-utils" "^0.1.2"
    "@jscad/json-deserializer" "^0.0.4"
    "@jscad/json-serializer" "^0.0.5"
    "@jscad/obj-deserializer" "^0.0.4"
    "@jscad/stl-deserializer" "^0.1.2"
    "@jscad/stl-serializer" "^0.0.6"
    "@jscad/svg-deserializer" "^0.2.3"
    "@jscad/svg-serializer" "^0.0.4"

"@jscad/json-deserializer@^0.0.4":
  version "0.0.4"
  resolved "https://registry.yarnpkg.com/@jscad/json-deserializer/-/json-deserializer-0.0.4.tgz#7dfa500945288792e04e571a0c24f15c55eebab0"
  integrity sha512-Z0lm1kTrJzA6Irv+TQmX4q2MWl97rLU2H9LDdC5y9utsO1J47Krllta2DJECWj7KfYcbf/je3kRZ2CQ7dHvaBA==
  dependencies:
    "@jscad/csg" "0.3.6"

"@jscad/json-serializer@^0.0.5":
  version "0.0.5"
  resolved "https://registry.yarnpkg.com/@jscad/json-serializer/-/json-serializer-0.0.5.tgz#0c4010cfb6729edb2942727272f941d1301947b8"
  integrity sha512-xQCBwjyRuEXolIRiCIZEf7k/FDERFTzyt1amY12u4ZWULY4QWU4d4fY5KaSkaZkBdkXE/leh0AylR0Q6mUwBKA==
  dependencies:
    "@jscad/csg" "0.3.6"
    "@jscad/io-utils" "^0.1.2"

"@jscad/obj-deserializer@^0.0.4":
  version "0.0.4"
  resolved "https://registry.yarnpkg.com/@jscad/obj-deserializer/-/obj-deserializer-0.0.4.tgz#dcb3cf5cc47278a7cf7a35b76b32ead0d044dfc3"
  integrity sha512-uD57ahy1DfW9siy/nbwA4hAO5nE/gt/ZJoTbUfso3DnfwwqUbM42lw/AYAcFYw8Ab2U2GybDulKTPT3lr+eJdA==

"@jscad/openjscad@git+https://github.com/ergogen/oldjscad":
  version "1.6.1"
  resolved "git+https://github.com/ergogen/oldjscad#040637f3d8d4da0ad0a9ffdfe1a33a791c8008f4"
  dependencies:
    "@jscad/csg" "0.3.6"
    "@jscad/io" "github:ergogen/oldjscadio"
    "@jscad/openscad-openjscad-translator" "0.0.10"
    "@jscad/scad-api" "^0.5.1"
    astring "^1.0.2"
    brace "0.10.0"
    esprima "^3.1.3"
    estraverse "^4.2.0"
    most-gestures "^0.3.0"
    webworkify "^1.4.0"

"@jscad/openscad-openjscad-translator@0.0.10":
  version "0.0.10"
  resolved "https://registry.yarnpkg.com/@jscad/openscad-openjscad-translator/-/openscad-openjscad-translator-0.0.10.tgz#6f5a3dc252fd20baf523ab11c1fc2a3ddaa57e7b"
  integrity sha512-gw4iD8qVDm7Qb0PFYuwP4yYMU90wOQ0992WBLwqQSaLdKET0c2UlVJUu1jM5GUzxVEyJwm2ZbS1/c+JwOdTc6Q==
  dependencies:
    lodash "^4.17.4"
    sylvester "github:kaosat-dev/node-sylvester"

"@jscad/scad-api@^0.5.1":
  version "0.5.1"
  resolved "https://registry.yarnpkg.com/@jscad/scad-api/-/scad-api-0.5.1.tgz#d75b532ea1bd2ff6f34617f98346365500587d9a"
  integrity sha512-1BlfqcAf0xIicbaKU1bCOxHh0+aHJ7fBRY6r+7/e+0uMrfoqHoULGqkAZCwnftt0cPj5uAP8JSlyOinHKaFIJw==
  dependencies:
    "@jscad/csg" "0.3.7"

"@jscad/stl-deserializer@^0.1.2":
  version "0.1.2"
  resolved "https://registry.yarnpkg.com/@jscad/stl-deserializer/-/stl-deserializer-0.1.2.tgz#3f4e5030c8c181fe97c278b3e6974ea237a63383"
  integrity sha512-2HpFv0G0TfV1v2psHvnx/PAOZ7iYmqp0REnOT/pQ9T5LRkdHrI1uvgzT4VHp9lOdK6vD5jO9uwRyj8dFWQhLYw==
  dependencies:
    "@jscad/csg" "0.3.6"
    "@jscad/io-utils" "^0.1.2"

"@jscad/stl-serializer@^0.0.6":
  version "0.0.6"
  resolved "https://registry.yarnpkg.com/@jscad/stl-serializer/-/stl-serializer-0.0.6.tgz#3880ee3b0d98cde621a5583dd860dc37a90066d4"
  integrity sha512-yf47E+rCtE3sdoMIIVeOGmB/gaQzrgN2JhFsYa4pEVcbh7RnUJauegFyacbGIEAxAYC8Ck7f5DU0mc/JbIjFhQ==
  dependencies:
    "@jscad/io-utils" "^0.1.2"

"@jscad/svg-deserializer@^0.2.3":
  version "0.2.3"
  resolved "https://registry.yarnpkg.com/@jscad/svg-deserializer/-/svg-deserializer-0.2.3.tgz#1db1552926b1ec9ef25cb8d8134af265f60e4d22"
  integrity sha512-i/LVaOCKkn5CdncoQFUhq9HPZOd9diupknlDBRmllLiuP2zzZLowz7a3mxF1hkVkwOx45WD02JPPkKUSBzz6tQ==
  dependencies:
    "@jscad/csg" "0.3.6"
    sax "1.2.4"

"@jscad/svg-serializer@^0.0.4":
  version "0.0.4"
  resolved "https://registry.yarnpkg.com/@jscad/svg-serializer/-/svg-serializer-0.0.4.tgz#baa6237d33ed6e0f7a012f2bb60613a295e251d1"
  integrity sha512-vXyxOVpVmlO7oeshbtCVwU42Mqz350o4/r0ToP9XtG2gv7F/e9GcpCaM9XIgyeeu8cQQGTcbfjGb1t9MFlPrOg==
  dependencies:
    "@jscad/csg" "0.3.6"

"@most/multicast@^1.2.5":
  version "1.3.0"
  resolved "https://registry.yarnpkg.com/@most/multicast/-/multicast-1.3.0.tgz#e01574840df634478ac3fabd164c6e830fb3b966"
  integrity sha512-DWH8AShgp5bXn+auGzf5tzPxvpmEvQJd0CNsApOci1LDF4eAEcnw4HQOr2Jaa+L92NbDYFKBSXxll+i7r1ikvw==
  dependencies:
    "@most/prelude" "^1.4.0"

"@most/prelude@^1.4.0":
  version "1.8.0"
  resolved "https://registry.yarnpkg.com/@most/prelude/-/prelude-1.8.0.tgz#90814b9e92d538e2d1c6eb69c01dfe4e86b5c80e"
  integrity sha512-t1CcURpZzfmBA6fEWwqmCqeNzWAj1w2WqEmCk/2yXMe/p8Ut000wFmVKMy8A1Rl9VVxZEZ5nBHd/pU0dR4bv/w==

"@types/bezier-js@^0.0.6":
  version "0.0.6"
  resolved "https://registry.yarnpkg.com/@types/bezier-js/-/bezier-js-0.0.6.tgz#0d976d68163c4955332ef798a21a0b3d6381d12b"
  integrity sha512-kXsAlt8e8N6zt9R6LcMYWB1HkBw3q2g+M9BdI/UE+s4agIONuIscQaRCoInH22+Jas3rw8yLUehL2InaZjyNSA==

"@types/node@*":
  version "20.14.11"
  resolved "https://registry.yarnpkg.com/@types/node/-/node-20.14.11.tgz#09b300423343460455043ddd4d0ded6ac579b74b"
  integrity sha512-kprQpL8MMeszbz6ojB5/tU8PLN4kesnN8Gjzw349rDlNgsSzg90lAVj3llK99Dh7JON+t9AuscPPFW6mPbTnSA==
  dependencies:
    undici-types "~5.26.4"

"@types/node@^7.0.5":
  version "7.10.14"
  resolved "https://registry.yarnpkg.com/@types/node/-/node-7.10.14.tgz#06fa7319b8131b969a8da4a14c487e6f28abacf7"
  integrity sha512-29GS75BE8asnTno3yB6ubOJOO0FboExEqNJy4bpz0GSmW/8wPTNL4h9h63c6s1uTrOopCmJYe/4yJLh5r92ZUA==

"@types/opentype.js@^0.7.0":
  version "0.7.2"
  resolved "https://registry.yarnpkg.com/@types/opentype.js/-/opentype.js-0.7.2.tgz#ced5b117a5736578c6b9d835e35b0204c6ef2e8f"
  integrity sha512-Riz6WyBUBEFs7YqSsJya3SbDHJZ6BmMkY7bzNoue6rtwj+RNilLc+mgOX/eJ0Y0asq16FSU6DatBeOg8ZMy2UQ==

"@types/pdfkit@^0.7.34":
  version "0.7.36"
  resolved "https://registry.yarnpkg.com/@types/pdfkit/-/pdfkit-0.7.36.tgz#d7241454e2ae94ee0bed684e712fbfdc2b3e0e6f"
  integrity sha512-9eRA6MuW+n78yU3HhoIrDxjyAX2++B5MpLDYqHOnaRTquCw+5sYXT+QN8E1eSaxvNUwlRfU3tOm4UzTeGWmBqg==
  dependencies:
    "@types/node" "*"

ansi-regex@^5.0.1:
  version "5.0.1"
  resolved "https://registry.yarnpkg.com/ansi-regex/-/ansi-regex-5.0.1.tgz#082cb2c89c9fe8659a311a53bd6a4dc5301db304"
  integrity sha512-quJQXlTSUGL2LH9SUXo8VwsY4soanhgo6LNSm84E1LBcE8s3O0wpdiRzyR9z/ZZJMlMWv37qOOb9pdJlMUEKFQ==

ansi-styles@^4.0.0:
  version "4.3.0"
  resolved "https://registry.yarnpkg.com/ansi-styles/-/ansi-styles-4.3.0.tgz#edd803628ae71c04c85ae7a0906edad34b648937"
  integrity sha512-zbB9rCJAT1rbjiVDb2hqKFHNYLxgtk8NURxZ3IZwD3F6NtxbXZQCnnSi1Lkx+IDohdPlFp222wVALIheZJQSEg==
  dependencies:
    color-convert "^2.0.1"

argparse@^1.0.7:
  version "1.0.10"
  resolved "https://registry.yarnpkg.com/argparse/-/argparse-1.0.10.tgz#bcd6791ea5ae09725e17e5ad988134cd40b3d911"
  integrity sha512-o5Roy6tNG4SL/FOkCAN6RzjiakZS25RLYFrcMttJqbdd8BWrnA+fGz57iN5Pb06pvBGvl5gQ0B48dJlslXvoTg==
  dependencies:
    sprintf-js "~1.0.2"

astring@^1.0.2:
  version "1.8.6"
  resolved "https://registry.yarnpkg.com/astring/-/astring-1.8.6.tgz#2c9c157cf1739d67561c56ba896e6948f6b93731"
  integrity sha512-ISvCdHdlTDlH5IpxQJIex7BWBywFWgjJSVdwst+/iQCoEYnyOaQ95+X1JGshuBjGp6nxKUy1jMgE3zPqN7fQdg==

bezier-js@^2.1.0:
  version "2.6.1"
  resolved "https://registry.yarnpkg.com/bezier-js/-/bezier-js-2.6.1.tgz#ed9c6ebfcb3214794ff213cf90ee8aac644ecf7f"
  integrity sha512-jelZM33eNzcZ9snJ/5HqJLw3IzXvA8RFcBjkdOB8SDYyOvW8Y2tTosojAiBTnD1MhbHoWUYNbxUXxBl61TxbRg==

brace@0.10.0:
  version "0.10.0"
  resolved "https://registry.yarnpkg.com/brace/-/brace-0.10.0.tgz#edef4eb9b0928ba1ee5f717ffc157749a6dd5d76"
  integrity sha512-C0nbmcNIY2nRtA3hY5NNmZuNZDs4X676WHf+xiFw0NXUQIdSCkIgZHkztqtSOmC0BGjvBR2DNO9USiZMY+Qx6w==
  dependencies:
    w3c-blob "0.0.1"

cliui@^8.0.1:
  version "8.0.1"
  resolved "https://registry.yarnpkg.com/cliui/-/cliui-8.0.1.tgz#0c04b075db02cbfe60dc8e6cf2f5486b1a3608aa"
  integrity sha512-BSeNnyus75C4//NQ9gQt1/csTXyo/8Sb+afLAkzAptFuMsod9HFokGNudZpi/oQV73hnVK+sR+5PVRMd+Dr7YQ==
  dependencies:
    string-width "^4.2.0"
    strip-ansi "^6.0.1"
    wrap-ansi "^7.0.0"

clone@^1.0.2:
  version "1.0.4"
  resolved "https://registry.yarnpkg.com/clone/-/clone-1.0.4.tgz#da309cc263df15994c688ca902179ca3c7cd7c7e"
  integrity sha512-JQHZ2QMW6l3aH/j6xCqQThY/9OH4D/9ls34cgkUBiEeocRTU04tHfKPBsUK1PqZCUQM7GiA0IIXJSuXHI64Kbg==

color-convert@^2.0.1:
  version "2.0.1"
  resolved "https://registry.yarnpkg.com/color-convert/-/color-convert-2.0.1.tgz#72d3a68d598c9bdb3af2ad1e84f21d896abd4de3"
  integrity sha512-RRECPsj7iu/xb5oKYcsFHSppFNnsj/52OVTRKb4zP5onXwVF3zVmmToNcOfGC+CRDpfK/U584fMg38ZHCaElKQ==
  dependencies:
    color-name "~1.1.4"

color-name@~1.1.4:
  version "1.1.4"
  resolved "https://registry.yarnpkg.com/color-name/-/color-name-1.1.4.tgz#c2a09a87acbde69543de6f63fa3995c826c536a2"
  integrity sha512-dOy+3AuW3a2wNbZHIuMZpTcgjGuLU/uBL/ubcZF9OXbDo8ff4O8yVp5Bf0efS8uEoYo5q4Fx7dY9OgQGXgAsQA==

complex.js@^2.1.1:
  version "2.1.1"
  resolved "https://registry.yarnpkg.com/complex.js/-/complex.js-2.1.1.tgz#0675dac8e464ec431fb2ab7d30f41d889fb25c31"
  integrity sha512-8njCHOTtFFLtegk6zQo0kkVX1rngygb/KQI6z1qZxlFI3scluC+LVTCFbrkWjBv4vvLlbQ9t88IPMC6k95VTTg==

core-util-is@~1.0.0:
  version "1.0.3"
  resolved "https://registry.yarnpkg.com/core-util-is/-/core-util-is-1.0.3.tgz#a6042d3634c2b27e9328f837b965fac83808db85"
  integrity sha512-ZQBvi1DcpJ4GDqanjucZ2Hj3wEO5pZDS89BWbkcrvdxksJorwUDDZamX9ldFkp9aw2lmBDLgkObEA4DWNJ9FYQ==

decimal.js@^10.4.3:
  version "10.4.3"
  resolved "https://registry.yarnpkg.com/decimal.js/-/decimal.js-10.4.3.tgz#1044092884d245d1b7f65725fa4ad4c6f781cc23"
  integrity sha512-VBBaLc1MgL5XpzgIP7ny5Z6Nx3UrRkIViUkPUdtl9aya5amy3De1gsUUSB1g3+3sExYNjCAsAznmukyxCb1GRA==

define-data-property@^1.0.1:
  version "1.1.4"
  resolved "https://registry.yarnpkg.com/define-data-property/-/define-data-property-1.1.4.tgz#894dc141bb7d3060ae4366f6a0107e68fbe48c5e"
  integrity sha512-rBMvIzlpA8v6E+SJZoo++HAYqsLrkg7MSfIinMPFhmkorw7X+dOXVJQs+QT69zGkzMyfDnIMN2Wid1+NbL3T+A==
  dependencies:
    es-define-property "^1.0.0"
    es-errors "^1.3.0"
    gopd "^1.0.1"

define-properties@^1.2.1:
  version "1.2.1"
  resolved "https://registry.yarnpkg.com/define-properties/-/define-properties-1.2.1.tgz#10781cc616eb951a80a034bafcaa7377f6af2b6c"
  integrity sha512-8QmQKqEASLd5nx0U1B1okLElbUuuttJ/AnYmRXbbbGDWh6uS208EjD4Xqq/I9wK7u0v6O08XhTWnt5XtEbR6Dg==
  dependencies:
    define-data-property "^1.0.1"
    has-property-descriptors "^1.0.0"
    object-keys "^1.1.1"

emoji-regex@^8.0.0:
  version "8.0.0"
  resolved "https://registry.yarnpkg.com/emoji-regex/-/emoji-regex-8.0.0.tgz#e818fd69ce5ccfcb404594f842963bf53164cc37"
  integrity sha512-MSjYzcWNOA0ewAHpz0MxpYFvwg6yjy1NG3xteoqz644VCo/RPgnr1/GGt+ic3iJTzQ8Eu3TdM14SawnVUmGE6A==

ergogen@^4.1.0:
  version "4.1.0"
  resolved "https://registry.yarnpkg.com/ergogen/-/ergogen-4.1.0.tgz#7c3f19d52669f2ceed14da756d01953ca2e2f6dc"
  integrity sha512-m5mfbF87tdiBjEE/WsBrNKPm+4ZoYOA+ubPTyy5JVj8+DpDUh4lf/bhxkC/gXXcgJB7SLUmNeCtS9C2ttyzAFg==
  dependencies:
    fs-extra "^11.1.0"
    js-yaml "^3.14.1"
    jszip "^3.10.1"
    kle-serial "github:ergogen/kle-serial#ergogen"
    makerjs "github:ergogen/maker.js#ergogen"
    mathjs "^11.5.0"
    yargs "^17.6.2"

es-define-property@^1.0.0:
  version "1.0.0"
  resolved "https://registry.yarnpkg.com/es-define-property/-/es-define-property-1.0.0.tgz#c7faefbdff8b2696cf5f46921edfb77cc4ba3845"
  integrity sha512-jxayLKShrEqqzJ0eumQbVhTYQM27CfT1T35+gCgDFoL82JLsXqTJ76zv6A0YLOgEnLUMvLzsDsGIrl8NFpT2gQ==
  dependencies:
    get-intrinsic "^1.2.4"

es-errors@^1.3.0:
  version "1.3.0"
  resolved "https://registry.yarnpkg.com/es-errors/-/es-errors-1.3.0.tgz#05f75a25dab98e4fb1dcd5e1472c0546d5057c8f"
  integrity sha512-Zf5H2Kxt2xjTvbJvP2ZWLEICxA6j+hAmMzIlypy4xcBg1vKVnx89Wy0GbS+kf5cwCVFFzdCFh2XSCFNULS6csw==

escalade@^3.1.1:
  version "3.1.2"
  resolved "https://registry.yarnpkg.com/escalade/-/escalade-3.1.2.tgz#54076e9ab29ea5bf3d8f1ed62acffbb88272df27"
  integrity sha512-ErCHMCae19vR8vQGe50xIsVomy19rg6gFu3+r3jkEO46suLMWBksvVyoGgQV+jOfl84ZSOSlmv6Gxa89PmTGmA==

escape-latex@^1.2.0:
  version "1.2.0"
  resolved "https://registry.yarnpkg.com/escape-latex/-/escape-latex-1.2.0.tgz#07c03818cf7dac250cce517f4fda1b001ef2bca1"
  integrity sha512-nV5aVWW1K0wEiUIEdZ4erkGGH8mDxGyxSeqPzRNtWP7ataw+/olFObw7hujFWlVjNsaDFw5VZ5NzVSIqRgfTiw==

esprima@^3.1.3:
  version "3.1.3"
  resolved "https://registry.yarnpkg.com/esprima/-/esprima-3.1.3.tgz#fdca51cee6133895e3c88d535ce49dbff62a4633"
  integrity sha512-AWwVMNxwhN8+NIPQzAQZCm7RkLC4RbM3B1OobMuyp3i+w73X57KCKaVIxaRZb+DYCojq7rspo+fmuQfAboyhFg==

esprima@^4.0.0:
  version "4.0.1"
  resolved "https://registry.yarnpkg.com/esprima/-/esprima-4.0.1.tgz#13b04cdb3e6c5d19df91ab6987a8695619b0aa71"
  integrity sha512-eGuFFw7Upda+g4p+QHvnW0RyTX/SVeJBDM/gCtMARO0cLuT2HcEKnTPvhjV6aGeqrCB/sbNop0Kszm0jsaWU4A==

estraverse@^4.2.0:
  version "4.3.0"
  resolved "https://registry.yarnpkg.com/estraverse/-/estraverse-4.3.0.tgz#398ad3f3c5a24948be7725e83d11a7de28cdbd1d"
  integrity sha512-39nnKffWz8xN1BU/2c79n9nB9HDzo0niYUqx6xyqUnyoAnQyyWpOTdZEeiCch8BBu515t4wp9ZmgVfVhn9EBpw==

fraction.js@4.3.4:
  version "4.3.4"
  resolved "https://registry.yarnpkg.com/fraction.js/-/fraction.js-4.3.4.tgz#b2bac8249a610c3396106da97c5a71da75b94b1c"
  integrity sha512-pwiTgt0Q7t+GHZA4yaLjObx4vXmmdcS0iSJ19o8d/goUGgItX9UZWKWNnLHehxviD8wU2IWRsnR8cD5+yOJP2Q==

fs-extra@^11.1.0:
  version "11.2.0"
  resolved "https://registry.yarnpkg.com/fs-extra/-/fs-extra-11.2.0.tgz#e70e17dfad64232287d01929399e0ea7c86b0e5b"
  integrity sha512-PmDi3uwK5nFuXh7XDTlVnS17xJS7vW36is2+w3xcv8SVxiB4NyATf4ctkVY5bkSjX0Y4nbvZCq1/EjtEyr9ktw==
  dependencies:
    graceful-fs "^4.2.0"
    jsonfile "^6.0.1"
    universalify "^2.0.0"

function-bind@^1.1.2:
  version "1.1.2"
  resolved "https://registry.yarnpkg.com/function-bind/-/function-bind-1.1.2.tgz#2c02d864d97f3ea6c8830c464cbd11ab6eab7a1c"
  integrity sha512-7XHNxH7qX9xG5mIwxkhumTox/MIRNcOgDrxWsMt2pAr23WHp6MrRlN7FBSFpCpr+oVO0F744iUgR82nJMfG2SA==

get-caller-file@^2.0.5:
  version "2.0.5"
  resolved "https://registry.yarnpkg.com/get-caller-file/-/get-caller-file-2.0.5.tgz#4f94412a82db32f36e3b0b9741f8a97feb031f7e"
  integrity sha512-DyFP3BM/3YHTQOCUL/w0OZHR0lpKeGrxotcHWcqNEdnltqFwXVfhEBQ94eIo34AfQpo0rGki4cyIiftY06h2Fg==

get-intrinsic@^1.1.3, get-intrinsic@^1.2.4:
  version "1.2.4"
  resolved "https://registry.yarnpkg.com/get-intrinsic/-/get-intrinsic-1.2.4.tgz#e385f5a4b5227d449c3eabbad05494ef0abbeadd"
  integrity sha512-5uYhsJH8VJBTv7oslg4BznJYhDoRI6waYCxMmCdnTrcCrHA/fCFKoTFz2JKKE0HdDFUF7/oQuhzumXJK7paBRQ==
  dependencies:
    es-errors "^1.3.0"
    function-bind "^1.1.2"
    has-proto "^1.0.1"
    has-symbols "^1.0.3"
    hasown "^2.0.0"

globalthis@^1.0.1:
  version "1.0.4"
  resolved "https://registry.yarnpkg.com/globalthis/-/globalthis-1.0.4.tgz#7430ed3a975d97bfb59bcce41f5cabbafa651236"
  integrity sha512-DpLKbNU4WylpxJykQujfCcwYWiV/Jhm50Goo0wrVILAv5jOr9d+H+UR3PhSCD2rCCEIg0uc+G+muBTwD54JhDQ==
  dependencies:
    define-properties "^1.2.1"
    gopd "^1.0.1"

gopd@^1.0.1:
  version "1.0.1"
  resolved "https://registry.yarnpkg.com/gopd/-/gopd-1.0.1.tgz#29ff76de69dac7489b7c0918a5788e56477c332c"
  integrity sha512-d65bNlIadxvpb/A2abVdlqKqV563juRnZ1Wtk6s1sIR8uNsXR70xqIzVqxVf1eTqDunwT2MkczEeaezCKTZhwA==
  dependencies:
    get-intrinsic "^1.1.3"

graceful-fs@^4.1.6, graceful-fs@^4.2.0:
  version "4.2.11"
  resolved "https://registry.yarnpkg.com/graceful-fs/-/graceful-fs-4.2.11.tgz#4183e4e8bf08bb6e05bbb2f7d2e0c8f712ca40e3"
  integrity sha512-RbJ5/jmFcNNCcDV5o9eTnBLJ/HszWV0P73bc+Ff4nS/rJj+YaS6IGyiOL0VoBYX+l1Wrl3k63h/KrH+nhJ0XvQ==

graham_scan@^1.0.4:
  version "1.0.5"
  resolved "https://registry.yarnpkg.com/graham_scan/-/graham_scan-1.0.5.tgz#0c7f6864aaf9034e80f29c40529aefaa7e2c2416"
  integrity sha512-471KIBS1jOrAHpEStAbOjYI5U7MGBSyqy+wIEnvRYaFDNmpUUhbDZWLRsCSh/OnlY0dCg0NaDyN/2XLoypgIfA==

has-property-descriptors@^1.0.0:
  version "1.0.2"
  resolved "https://registry.yarnpkg.com/has-property-descriptors/-/has-property-descriptors-1.0.2.tgz#963ed7d071dc7bf5f084c5bfbe0d1b6222586854"
  integrity sha512-55JNKuIW+vq4Ke1BjOTjM2YctQIvCT7GFzHwmfZPGo5wnrgkid0YQtnAleFSqumZm4az3n2BS+erby5ipJdgrg==
  dependencies:
    es-define-property "^1.0.0"

has-proto@^1.0.1:
  version "1.0.3"
  resolved "https://registry.yarnpkg.com/has-proto/-/has-proto-1.0.3.tgz#b31ddfe9b0e6e9914536a6ab286426d0214f77fd"
  integrity sha512-SJ1amZAJUiZS+PhsVLf5tGydlaVB8EdFpaSO4gmiUKUOxk8qzn5AIy4ZeJUmh22znIdk/uMAUT2pl3FxzVUH+Q==

has-symbols@^1.0.3:
  version "1.0.3"
  resolved "https://registry.yarnpkg.com/has-symbols/-/has-symbols-1.0.3.tgz#bb7b2c4349251dce87b125f7bdf874aa7c8b39f8"
  integrity sha512-l3LCuF6MgDNwTDKkdYGEihYjt5pRPbEg46rtlmnSPlUbgmB8LOIrKJbYYFBSbnPaJexMKtiPO8hmeRjRz2Td+A==

hasown@^2.0.0:
  version "2.0.2"
  resolved "https://registry.yarnpkg.com/hasown/-/hasown-2.0.2.tgz#003eaf91be7adc372e84ec59dc37252cedb80003"
  integrity sha512-0hJU9SCPvmMzIBdZFqNPXWa6dqh7WdH0cII9y+CyS8rG3nL48Bclra9HmKhVVUHyPWNH5Y7xDwAB7bfgSjkUMQ==
  dependencies:
    function-bind "^1.1.2"

immediate@~3.0.5:
  version "3.0.6"
  resolved "https://registry.yarnpkg.com/immediate/-/immediate-3.0.6.tgz#9db1dbd0faf8de6fbe0f5dd5e56bb606280de69b"
  integrity sha512-XXOFtyqDjNDAQxVfYxuF7g9Il/IbWmmlQg2MYKOH8ExIT1qg6xc4zyS3HaEEATgs1btfzxq15ciUiY7gjSXRGQ==

inherits@~2.0.3:
  version "2.0.4"
  resolved "https://registry.yarnpkg.com/inherits/-/inherits-2.0.4.tgz#0fa2c64f932917c3433a0ded55363aae37416b7c"
  integrity sha512-k/vGaX4/Yla3WzyMCvTQOXYeIHvqOKtnqBduzTHpzpQZzAskKMhZ2K+EnBiSM9zGSoIFeMpXKxa4dYeZIQqewQ==

is-fullwidth-code-point@^3.0.0:
  version "3.0.0"
  resolved "https://registry.yarnpkg.com/is-fullwidth-code-point/-/is-fullwidth-code-point-3.0.0.tgz#f116f8064fe90b3f7844a38997c0b75051269f1d"
  integrity sha512-zymm5+u+sCsSWyD9qNaejV3DFvhCKclKdizYaJUuHA83RLjb7nSuGnddCHGv0hk+KY7BMAlsWeK4Ueg6EV6XQg==

isarray@~1.0.0:
  version "1.0.0"
  resolved "https://registry.yarnpkg.com/isarray/-/isarray-1.0.0.tgz#bb935d48582cba168c06834957a54a3e07124f11"
  integrity sha512-VLghIWNM6ELQzo7zwmcg0NmTVyWKYjvIeM83yjp0wRDTmUnrM678fQbcKBo6n2CJEF0szoG//ytg+TKla89ALQ==

javascript-natural-sort@^0.7.1:
  version "0.7.1"
  resolved "https://registry.yarnpkg.com/javascript-natural-sort/-/javascript-natural-sort-0.7.1.tgz#f9e2303d4507f6d74355a73664d1440fb5a0ef59"
  integrity sha512-nO6jcEfZWQXDhOiBtG2KvKyEptz7RVbpGP4vTD2hLBdmNQSsCiicO2Ioinv6UI4y9ukqnBpy+XZ9H6uLNgJTlw==

js-yaml@^3.14.1:
  version "3.14.1"
  resolved "https://registry.yarnpkg.com/js-yaml/-/js-yaml-3.14.1.tgz#dae812fdb3825fa306609a8717383c50c36a0537"
  integrity sha512-okMH7OXXJ7YrN9Ok3/SXrnu4iX9yOk+25nqX4imS2npuvTYDmo/QEZoqwZkYaIDk3jVvBOTOIEgEhaLOynBS9g==
  dependencies:
    argparse "^1.0.7"
    esprima "^4.0.0"

json5@^2.1.0:
  version "2.2.3"
  resolved "https://registry.yarnpkg.com/json5/-/json5-2.2.3.tgz#78cd6f1a19bdc12b73db5ad0c61efd66c1e29283"
  integrity sha512-XmOWe7eyHYH14cLdVPoyg+GOH3rYX++KpzrylJwSW98t3Nk+U8XOl8FWKOgwtzdb8lXGf6zYwDUzeHMWfxasyg==

jsonfile@^6.0.1:
  version "6.1.0"
  resolved "https://registry.yarnpkg.com/jsonfile/-/jsonfile-6.1.0.tgz#bc55b2634793c679ec6403094eb13698a6ec0aae"
  integrity sha512-5dgndWOriYSm5cnYaJNhalLNDKOqFwyDB/rr1E9ZsGciGvKPs8R2xYGCacuf3z6K1YKDz182fd+fY3cn3pMqXQ==
  dependencies:
    universalify "^2.0.0"
  optionalDependencies:
    graceful-fs "^4.1.6"

jszip@^3.10.1:
  version "3.10.1"
  resolved "https://registry.yarnpkg.com/jszip/-/jszip-3.10.1.tgz#34aee70eb18ea1faec2f589208a157d1feb091c2"
  integrity sha512-xXDvecyTpGLrqFrvkrUSoxxfJI5AH7U8zxxtVclpsUtMCq4JQ290LY8AW5c7Ggnr/Y/oK+bQMbqK2qmtk3pN4g==
  dependencies:
    lie "~3.3.0"
    pako "~1.0.2"
    readable-stream "~2.3.6"
    setimmediate "^1.0.5"

kdbush@^2.0.1:
  version "2.0.1"
  resolved "https://registry.yarnpkg.com/kdbush/-/kdbush-2.0.1.tgz#90c6128e3001ac68c550d7c9e2f222c0269666f1"
  integrity sha512-9KqSdmWCkBIisFIGclT0FRagKhI7IVbMyUjsxCFG0Ly1Dg6whlxJ7b9lrq8ifk3X/fGeJzok1R75LQfZTfA5zQ==

"kle-serial@github:ergogen/kle-serial#ergogen":
  version "0.15.1"
  resolved "https://codeload.github.com/ergogen/kle-serial/tar.gz/61f29f317d87bbfed0b0b7e646e1b91d4384ac02"
  dependencies:
    json5 "^2.1.0"

lie@~3.3.0:
  version "3.3.0"
  resolved "https://registry.yarnpkg.com/lie/-/lie-3.3.0.tgz#dcf82dee545f46074daf200c7c1c5a08e0f40f6a"
  integrity sha512-UaiMJzeWRlEujzAuw5LokY1L5ecNQYZKfmyZ9L7wDHb/p5etKaxXhohBcrw0EYby+G/NA52vRSN4N39dxHAIwQ==
  dependencies:
    immediate "~3.0.5"

lodash@^4.17.4:
  version "4.17.21"
  resolved "https://registry.yarnpkg.com/lodash/-/lodash-4.17.21.tgz#679591c564c3bffaae8454cf0b3df370c3d6911c"
  integrity sha512-v2kDEe57lecTulaDIuNTPy3Ry4gLGJ6Z1O3vE1krgXZNrsQ+LFTGHVxVjcXPs17LhbZVGedAJv8XZ1tvj5FvSg==

"makerjs@github:ergogen/maker.js#ergogen":
  version "0.17.0"
  resolved "https://codeload.github.com/ergogen/maker.js/tar.gz/a0ca32948845efe8ad5c9ca454f1285926853138"
  dependencies:
    "@danmarshall/jscad-typings" "^1.0.0"
    "@types/bezier-js" "^0.0.6"
    "@types/node" "^7.0.5"
    "@types/opentype.js" "^0.7.0"
    "@types/pdfkit" "^0.7.34"
    bezier-js "^2.1.0"
    clone "^1.0.2"
    graham_scan "^1.0.4"
    kdbush "^2.0.1"

mathjs@^11.5.0:
  version "11.12.0"
  resolved "https://registry.yarnpkg.com/mathjs/-/mathjs-11.12.0.tgz#e933e5941930d44763ddfc5bfb08b90059449b2c"
  integrity sha512-UGhVw8rS1AyedyI55DGz9q1qZ0p98kyKPyc9vherBkoueLntPfKtPBh14x+V4cdUWK0NZV2TBwqRFlvadscSuw==
  dependencies:
    "@babel/runtime" "^7.23.2"
    complex.js "^2.1.1"
    decimal.js "^10.4.3"
    escape-latex "^1.2.0"
    fraction.js "4.3.4"
    javascript-natural-sort "^0.7.1"
    seedrandom "^3.0.5"
    tiny-emitter "^2.1.0"
    typed-function "^4.1.1"

most-gestures@^0.3.0:
  version "0.3.0"
  resolved "https://registry.yarnpkg.com/most-gestures/-/most-gestures-0.3.0.tgz#634ee664adaf53d740d0148a6b4b4d174403a478"
  integrity sha512-v57B+eOZ5XVDRUyN8KHcVpeuert8qW6xdVCBfld0mglBJb6Jf3U5hualvTlBODGsai1v5O9jxengsQCq3Lxdkg==
  dependencies:
    most "^1.7.2"

most@^1.7.2:
  version "1.9.0"
  resolved "https://registry.yarnpkg.com/most/-/most-1.9.0.tgz#a689b1191a67c25776068b00cf3446e429752743"
  integrity sha512-M7yHMcMGaclzEL6eg8Yh8PlAsaWfL/oSThF4+ZuWKM5CKXcbzmLh+qESwgZFzMKHJ+iVJwb28yFvDEOobI653w==
  dependencies:
    "@most/multicast" "^1.2.5"
    "@most/prelude" "^1.4.0"
    globalthis "^1.0.1"
    symbol-observable "^2.0.3"

object-keys@^1.1.1:
  version "1.1.1"
  resolved "https://registry.yarnpkg.com/object-keys/-/object-keys-1.1.1.tgz#1c47f272df277f3b1daf061677d9c82e2322c60e"
  integrity sha512-NuAESUOUMrlIXOfHKzD6bpPu3tYt3xvjNdRIQ+FeT0lNb4K8WR70CaDxhuNguS2XG+GjkyMwOzsN5ZktImfhLA==

pako@~1.0.2:
  version "1.0.11"
  resolved "https://registry.yarnpkg.com/pako/-/pako-1.0.11.tgz#6c9599d340d54dfd3946380252a35705a6b992bf"
  integrity sha512-4hLB8Py4zZce5s4yd9XzopqwVv/yGNhV1Bl8NTmCq1763HeK2+EwVTv+leGeL13Dnh2wfbqowVPXCIO0z4taYw==

process-nextick-args@~2.0.0:
  version "2.0.1"
  resolved "https://registry.yarnpkg.com/process-nextick-args/-/process-nextick-args-2.0.1.tgz#7820d9b16120cc55ca9ae7792680ae7dba6d7fe2"
  integrity sha512-3ouUOpQhtgrbOa17J7+uxOTpITYWaGP7/AhoR3+A+/1e9skrzelGi/dXzEYyvbxubEF6Wn2ypscTKiKJFFn1ag==

readable-stream@~2.3.6:
  version "2.3.8"
  resolved "https://registry.yarnpkg.com/readable-stream/-/readable-stream-2.3.8.tgz#91125e8042bba1b9887f49345f6277027ce8be9b"
  integrity sha512-8p0AUk4XODgIewSi0l8Epjs+EVnWiK7NoDIEGU0HhE7+ZyY8D1IMY7odu5lRrFXGg71L15KG8QrPmum45RTtdA==
  dependencies:
    core-util-is "~1.0.0"
    inherits "~2.0.3"
    isarray "~1.0.0"
    process-nextick-args "~2.0.0"
    safe-buffer "~5.1.1"
    string_decoder "~1.1.1"
    util-deprecate "~1.0.1"

regenerator-runtime@^0.14.0:
  version "0.14.1"
  resolved "https://registry.yarnpkg.com/regenerator-runtime/-/regenerator-runtime-0.14.1.tgz#356ade10263f685dda125100cd862c1db895327f"
  integrity sha512-dYnhHh0nJoMfnkZs6GmmhFknAGRrLznOu5nc9ML+EJxGvrx6H7teuevqVqCuPcPK//3eDrrjQhehXVx9cnkGdw==

require-directory@^2.1.1:
  version "2.1.1"
  resolved "https://registry.yarnpkg.com/require-directory/-/require-directory-2.1.1.tgz#8c64ad5fd30dab1c976e2344ffe7f792a6a6df42"
  integrity sha512-fGxEI7+wsG9xrvdjsrlmL22OMTTiHRwAMroiEeMgq8gzoLC/PQr7RsRDSTLUg/bZAZtF+TVIkHc6/4RIKrui+Q==

safe-buffer@~5.1.0, safe-buffer@~5.1.1:
  version "5.1.2"
  resolved "https://registry.yarnpkg.com/safe-buffer/-/safe-buffer-5.1.2.tgz#991ec69d296e0313747d59bdfd2b745c35f8828d"
  integrity sha512-Gd2UZBJDkXlY7GbJxfsE8/nvKkUEU1G38c1siN6QP6a9PT9MmHB8GnpscSmMJSoF8LOIrt8ud/wPtojys4G6+g==

sax@1.2.4:
  version "1.2.4"
  resolved "https://registry.yarnpkg.com/sax/-/sax-1.2.4.tgz#2816234e2378bddc4e5354fab5caa895df7100d9"
  integrity sha512-NqVDv9TpANUjFm0N8uM5GxL36UgKi9/atZw+x7YFnQ8ckwFGKrl4xX4yWtrey3UJm5nP1kUbnYgLopqWNSRhWw==

seedrandom@^3.0.5:
  version "3.0.5"
  resolved "https://registry.yarnpkg.com/seedrandom/-/seedrandom-3.0.5.tgz#54edc85c95222525b0c7a6f6b3543d8e0b3aa0a7"
  integrity sha512-8OwmbklUNzwezjGInmZ+2clQmExQPvomqjL7LFqOYqtmuxRgQYqOD3mHaU+MvZn5FLUeVxVfQjwLZW/n/JFuqg==

setimmediate@^1.0.5:
  version "1.0.5"
  resolved "https://registry.yarnpkg.com/setimmediate/-/setimmediate-1.0.5.tgz#290cbb232e306942d7d7ea9b83732ab7856f8285"
  integrity sha512-MATJdZp8sLqDl/68LfQmbP8zKPLQNV6BIZoIgrscFDQ+RsvK/BxeDQOgyxKKoh0y/8h3BqVFnCqQ/gd+reiIXA==

sprintf-js@~1.0.2:
  version "1.0.3"
  resolved "https://registry.yarnpkg.com/sprintf-js/-/sprintf-js-1.0.3.tgz#04e6926f662895354f3dd015203633b857297e2c"
  integrity sha512-D9cPgkvLlV3t3IzL0D0YLvGA9Ahk4PcvVwUbN0dSGr1aP0Nrt4AEnTUbuGvquEC0mA64Gqt1fzirlRs5ibXx8g==

string-width@^4.1.0, string-width@^4.2.0, string-width@^4.2.3:
  version "4.2.3"
  resolved "https://registry.yarnpkg.com/string-width/-/string-width-4.2.3.tgz#269c7117d27b05ad2e536830a8ec895ef9c6d010"
  integrity sha512-wKyQRQpjJ0sIp62ErSZdGsjMJWsap5oRNihHhu6G7JVO/9jIB6UyevL+tXuOqrng8j/cxKTWyWUwvSTriiZz/g==
  dependencies:
    emoji-regex "^8.0.0"
    is-fullwidth-code-point "^3.0.0"
    strip-ansi "^6.0.1"

string_decoder@~1.1.1:
  version "1.1.1"
  resolved "https://registry.yarnpkg.com/string_decoder/-/string_decoder-1.1.1.tgz#9cf1611ba62685d7030ae9e4ba34149c3af03fc8"
  integrity sha512-n/ShnvDi6FHbbVfviro+WojiFzv+s8MPMHBczVePfUpDJLwoLT0ht1l4YwBCbi8pJAveEEdnkHyPyTP/mzRfwg==
  dependencies:
    safe-buffer "~5.1.0"

strip-ansi@^6.0.0, strip-ansi@^6.0.1:
  version "6.0.1"
  resolved "https://registry.yarnpkg.com/strip-ansi/-/strip-ansi-6.0.1.tgz#9e26c63d30f53443e9489495b2105d37b67a85d9"
  integrity sha512-Y38VPSHcqkFrCpFnQ9vuSXmquuv5oXOKpGeT6aGrr3o3Gc9AlVa6JBfUSOCnbxGGZF+/0ooI7KrPuUSztUdU5A==
  dependencies:
    ansi-regex "^5.0.1"

"sylvester@github:kaosat-dev/node-sylvester":
  version "0.0.21"
  resolved "https://codeload.github.com/kaosat-dev/node-sylvester/tar.gz/ce74d23a2092ae02a56b840ef70f5d61c54df409"

symbol-observable@^2.0.3:
  version "2.0.3"
  resolved "https://registry.yarnpkg.com/symbol-observable/-/symbol-observable-2.0.3.tgz#5b521d3d07a43c351055fa43b8355b62d33fd16a"
  integrity sha512-sQV7phh2WCYAn81oAkakC5qjq2Ml0g8ozqz03wOGnx9dDlG1de6yrF+0RAzSJD8fPUow3PTSMf2SAbOGxb93BA==

tiny-emitter@^2.1.0:
  version "2.1.0"
  resolved "https://registry.yarnpkg.com/tiny-emitter/-/tiny-emitter-2.1.0.tgz#1d1a56edfc51c43e863cbb5382a72330e3555423"
  integrity sha512-NB6Dk1A9xgQPMoGqC5CVXn123gWyte215ONT5Pp5a0yt4nlEoO1ZWeCwpncaekPHXO60i47ihFnZPiRPjRMq4Q==

typed-function@^4.1.1:
  version "4.2.1"
  resolved "https://registry.yarnpkg.com/typed-function/-/typed-function-4.2.1.tgz#19aa51847aa2dea9ef5e7fb7641c060179a74426"
  integrity sha512-EGjWssW7Tsk4DGfE+5yluuljS1OGYWiI1J6e8puZz9nTMM51Oug8CD5Zo4gWMsOhq5BI+1bF+rWTm4Vbj3ivRA==

undici-types@~5.26.4:
  version "5.26.5"
  resolved "https://registry.yarnpkg.com/undici-types/-/undici-types-5.26.5.tgz#bcd539893d00b56e964fd2657a4866b221a65617"
  integrity sha512-JlCMO+ehdEIKqlFxk6IfVoAUVmgz7cU7zD/h9XZ0qzeosSHmUJVOzSQvvYSYWXkFXC+IfLKSIffhv0sVZup6pA==

universalify@^2.0.0:
  version "2.0.1"
  resolved "https://registry.yarnpkg.com/universalify/-/universalify-2.0.1.tgz#168efc2180964e6386d061e094df61afe239b18d"
  integrity sha512-gptHNQghINnc/vTGIk0SOFGFNXw7JVrlRUtConJRlvaw6DuX0wO5Jeko9sWrMBhh+PsYAZ7oXAiOnf/UKogyiw==

util-deprecate@~1.0.1:
  version "1.0.2"
  resolved "https://registry.yarnpkg.com/util-deprecate/-/util-deprecate-1.0.2.tgz#450d4dc9fa70de732762fbd2d4a28981419a0ccf"
  integrity sha512-EPD5q1uXyFxJpCrLnCc1nHnq3gOa6DZBocAIiI2TaSCA7VCJ1UJDMagCzIkXNsUYfD1daK//LTEQ8xiIbrHtcw==

w3c-blob@0.0.1:
  version "0.0.1"
  resolved "https://registry.yarnpkg.com/w3c-blob/-/w3c-blob-0.0.1.tgz#b0cd352a1a50f515563420ffd5861f950f1d85b8"
  integrity sha512-fKfmCyRd0A/tSLt0zPR2716jAkoysa4+2nA2ip6ytr6fs1I9Tml2aXb28w8ljUjUutT23Zn7Vyc2GQM5w3rtWA==

webworkify@^1.4.0:
  version "1.5.0"
  resolved "https://registry.yarnpkg.com/webworkify/-/webworkify-1.5.0.tgz#734ad87a774de6ebdd546e1d3e027da5b8f4a42c"
  integrity sha512-AMcUeyXAhbACL8S2hqqdqOLqvJ8ylmIbNwUIqQujRSouf4+eUFaXbG6F1Rbu+srlJMmxQWsiU7mOJi0nMBfM1g==

wrap-ansi@^7.0.0:
  version "7.0.0"
  resolved "https://registry.yarnpkg.com/wrap-ansi/-/wrap-ansi-7.0.0.tgz#67e145cff510a6a6984bdf1152911d69d2eb9e43"
  integrity sha512-YVGIj2kamLSTxw6NsZjoBxfSwsn0ycdesmc4p+Q21c5zPuZ1pl+NfxVdxPtdHvmNVOQ6XSYG4AUtyt/Fi7D16Q==
  dependencies:
    ansi-styles "^4.0.0"
    string-width "^4.1.0"
    strip-ansi "^6.0.0"

y18n@^5.0.5:
  version "5.0.8"
  resolved "https://registry.yarnpkg.com/y18n/-/y18n-5.0.8.tgz#7f4934d0f7ca8c56f95314939ddcd2dd91ce1d55"
  integrity sha512-0pfFzegeDWJHJIAmTLRP2DwHjdF5s7jo9tuztdQxAhINCdvS+3nGINqPd00AphqJR/0LhANUS6/+7SCb98YOfA==

yargs-parser@^21.1.1:
  version "21.1.1"
  resolved "https://registry.yarnpkg.com/yargs-parser/-/yargs-parser-21.1.1.tgz#9096bceebf990d21bb31fa9516e0ede294a77d35"
  integrity sha512-tVpsJW7DdjecAiFpbIB1e3qxIQsE6NoPc5/eTdrbbIC4h0LVsWhnoa3g+m2HclBIujHzsxZ4VJVA+GUuc2/LBw==

yargs@^17.6.2:
  version "17.7.2"
  resolved "https://registry.yarnpkg.com/yargs/-/yargs-17.7.2.tgz#991df39aca675a192b816e1e0363f9d75d2aa269"
  integrity sha512-7dSzzRQ++CKnNI/krKnYRV7JKKPUXMEh61soaHKg9mrWEhzFWhFnxPxGl+69cD1Ou63C13NUPCnmIcrvqCuM6w==
  dependencies:
    cliui "^8.0.1"
    escalade "^3.1.1"
    get-caller-file "^2.0.5"
    require-directory "^2.1.1"
    string-width "^4.2.3"
    y18n "^5.0.5"
    yargs-parser "^21.1.1"
